
Microsoft Visual Studio Solution File, Format Version 12.00
# Visual Studio Version 17
VisualStudioVersion = 17.5.33516.290
MinimumVisualStudioVersion = 10.0.40219.1
Project("{FAE04EC0-301F-11D3-BF4B-00C04F79EFBC}") = "wf08_dbhandling", "wf08_dbhandling\wf08_dbhandling.csproj", "{40C04105-FAE7-42D5-87A9-53B0D2CC1297}"
EndProject
Project("{FAE04EC0-301F-11D3-BF4B-00C04F79EFBC}") = "wf07_myexplorer", "wf07_myexplorer\wf07_myexplorer.csproj", "{0C60A327-E681-48F1-A341-A034EF331602}"
EndProject
Global
	GlobalSection(SolutionConfigurationPlatforms) = preSolution
		Debug|Any CPU = Debug|Any CPU
		Release|Any CPU = Release|Any CPU
	EndGlobalSection
	GlobalSection(ProjectConfigurationPlatforms) = postSolution
		{40C04105-FAE7-42D5-87A9-53B0D2CC1297}.Debug|Any CPU.ActiveCfg = Debug|Any CPU
		{40C04105-FAE7-42D5-87A9-53B0D2CC1297}.Debug|Any CPU.Build.0 = Debug|Any CPU
		{40C04105-FAE7-42D5-87A9-53B0D2CC1297}.Release|Any CPU.ActiveCfg = Release|Any CPU
		{40C04105-FAE7-42D5-87A9-53B0D2CC1297}.Release|Any CPU.Build.0 = Release|Any CPU
		{0C60A327-E681-48F1-A341-A034EF331602}.Debug|Any CPU.ActiveCfg = Debug|Any CPU
		{0C60A327-E681-48F1-A341-A034EF331602}.Debug|Any CPU.Build.0 = Debug|Any CPU
		{0C60A327-E681-48F1-A341-A034EF331602}.Release|Any CPU.ActiveCfg = Release|Any CPU
		{0C60A327-E681-48F1-A341-A034EF331602}.Release|Any CPU.Build.0 = Release|Any CPU
	EndGlobalSection
	GlobalSection(SolutionProperties) = preSolution
		HideSolutionNode = FALSE
	EndGlobalSection
	GlobalSection(ExtensibilityGlobals) = postSolution
		SolutionGuid = {3FC62D49-5911-4D3C-9CBA-8CE17DA86150}
	EndGlobalSection
EndGlobal
