
Microsoft Visual Studio Solution File, Format Version 12.00
# Visual Studio Version 17
VisualStudioVersion = 17.5.33516.290
MinimumVisualStudioVersion = 10.0.40219.1
Project("{FAE04EC0-301F-11D3-BF4B-00C04F79EFBC}") = "cs26_delegate", "cs26_delegate\cs26_delegate.csproj", "{DE8CAE88-E354-4964-9AC0-7C410E750B61}"
EndProject
Project("{FAE04EC0-301F-11D3-BF4B-00C04F79EFBC}") = "cs27_deligatechain", "cs27_deligatechain\cs27_deligatechain.csproj", "{76D7D6EA-D891-4C85-8806-5842C0356919}"
EndProject
Project("{FAE04EC0-301F-11D3-BF4B-00C04F79EFBC}") = "cs28_event", "cs28_event\cs28_event.csproj", "{EECC584E-1B32-4A0B-AA9E-B049CCC15F43}"
EndProject
Global
	GlobalSection(SolutionConfigurationPlatforms) = preSolution
		Debug|Any CPU = Debug|Any CPU
		Release|Any CPU = Release|Any CPU
	EndGlobalSection
	GlobalSection(ProjectConfigurationPlatforms) = postSolution
		{DE8CAE88-E354-4964-9AC0-7C410E750B61}.Debug|Any CPU.ActiveCfg = Debug|Any CPU
		{DE8CAE88-E354-4964-9AC0-7C410E750B61}.Debug|Any CPU.Build.0 = Debug|Any CPU
		{DE8CAE88-E354-4964-9AC0-7C410E750B61}.Release|Any CPU.ActiveCfg = Release|Any CPU
		{DE8CAE88-E354-4964-9AC0-7C410E750B61}.Release|Any CPU.Build.0 = Release|Any CPU
		{76D7D6EA-D891-4C85-8806-5842C0356919}.Debug|Any CPU.ActiveCfg = Debug|Any CPU
		{76D7D6EA-D891-4C85-8806-5842C0356919}.Debug|Any CPU.Build.0 = Debug|Any CPU
		{76D7D6EA-D891-4C85-8806-5842C0356919}.Release|Any CPU.ActiveCfg = Release|Any CPU
		{76D7D6EA-D891-4C85-8806-5842C0356919}.Release|Any CPU.Build.0 = Release|Any CPU
		{EECC584E-1B32-4A0B-AA9E-B049CCC15F43}.Debug|Any CPU.ActiveCfg = Debug|Any CPU
		{EECC584E-1B32-4A0B-AA9E-B049CCC15F43}.Debug|Any CPU.Build.0 = Debug|Any CPU
		{EECC584E-1B32-4A0B-AA9E-B049CCC15F43}.Release|Any CPU.ActiveCfg = Release|Any CPU
		{EECC584E-1B32-4A0B-AA9E-B049CCC15F43}.Release|Any CPU.Build.0 = Release|Any CPU
	EndGlobalSection
	GlobalSection(SolutionProperties) = preSolution
		HideSolutionNode = FALSE
	EndGlobalSection
	GlobalSection(ExtensibilityGlobals) = postSolution
		SolutionGuid = {F2D78B66-9547-41FC-A694-1D97AA608535}
	EndGlobalSection
EndGlobal
