
Microsoft Visual Studio Solution File, Format Version 12.00
# Visual Studio Version 17
VisualStudioVersion = 17.5.33516.290
MinimumVisualStudioVersion = 10.0.40219.1
Project("{FAE04EC0-301F-11D3-BF4B-00C04F79EFBC}") = "number_1_app", "number_1_app\number_1_app.csproj", "{A8ACFD87-4762-43DA-AE3C-CA87C9764DDB}"
EndProject
Project("{FAE04EC0-301F-11D3-BF4B-00C04F79EFBC}") = "number_2_app", "number_2_app\number_2_app.csproj", "{3DA5B2DA-F76A-4F2F-87E0-B1E10DEC7387}"
EndProject
Project("{FAE04EC0-301F-11D3-BF4B-00C04F79EFBC}") = "number_3_app", "number_3_app\number_3_app.csproj", "{7912E03A-C4FD-43D2-B072-4C7F5F4865D5}"
EndProject
Project("{FAE04EC0-301F-11D3-BF4B-00C04F79EFBC}") = "number_4_app", "number_4_app\number_4_app.csproj", "{EAC81332-95F8-4907-A31E-39FB0621F9C8}"
EndProject
Project("{FAE04EC0-301F-11D3-BF4B-00C04F79EFBC}") = "number_5_app", "number_5_app\number_5_app.csproj", "{D393B1D3-DF34-4C88-BAE0-A5722C2BFBF5}"
EndProject
Global
	GlobalSection(SolutionConfigurationPlatforms) = preSolution
		Debug|Any CPU = Debug|Any CPU
		Release|Any CPU = Release|Any CPU
	EndGlobalSection
	GlobalSection(ProjectConfigurationPlatforms) = postSolution
		{A8ACFD87-4762-43DA-AE3C-CA87C9764DDB}.Debug|Any CPU.ActiveCfg = Debug|Any CPU
		{A8ACFD87-4762-43DA-AE3C-CA87C9764DDB}.Debug|Any CPU.Build.0 = Debug|Any CPU
		{A8ACFD87-4762-43DA-AE3C-CA87C9764DDB}.Release|Any CPU.ActiveCfg = Release|Any CPU
		{A8ACFD87-4762-43DA-AE3C-CA87C9764DDB}.Release|Any CPU.Build.0 = Release|Any CPU
		{3DA5B2DA-F76A-4F2F-87E0-B1E10DEC7387}.Debug|Any CPU.ActiveCfg = Debug|Any CPU
		{3DA5B2DA-F76A-4F2F-87E0-B1E10DEC7387}.Debug|Any CPU.Build.0 = Debug|Any CPU
		{3DA5B2DA-F76A-4F2F-87E0-B1E10DEC7387}.Release|Any CPU.ActiveCfg = Release|Any CPU
		{3DA5B2DA-F76A-4F2F-87E0-B1E10DEC7387}.Release|Any CPU.Build.0 = Release|Any CPU
		{7912E03A-C4FD-43D2-B072-4C7F5F4865D5}.Debug|Any CPU.ActiveCfg = Debug|Any CPU
		{7912E03A-C4FD-43D2-B072-4C7F5F4865D5}.Debug|Any CPU.Build.0 = Debug|Any CPU
		{7912E03A-C4FD-43D2-B072-4C7F5F4865D5}.Release|Any CPU.ActiveCfg = Release|Any CPU
		{7912E03A-C4FD-43D2-B072-4C7F5F4865D5}.Release|Any CPU.Build.0 = Release|Any CPU
		{EAC81332-95F8-4907-A31E-39FB0621F9C8}.Debug|Any CPU.ActiveCfg = Debug|Any CPU
		{EAC81332-95F8-4907-A31E-39FB0621F9C8}.Debug|Any CPU.Build.0 = Debug|Any CPU
		{EAC81332-95F8-4907-A31E-39FB0621F9C8}.Release|Any CPU.ActiveCfg = Release|Any CPU
		{EAC81332-95F8-4907-A31E-39FB0621F9C8}.Release|Any CPU.Build.0 = Release|Any CPU
		{D393B1D3-DF34-4C88-BAE0-A5722C2BFBF5}.Debug|Any CPU.ActiveCfg = Debug|Any CPU
		{D393B1D3-DF34-4C88-BAE0-A5722C2BFBF5}.Debug|Any CPU.Build.0 = Debug|Any CPU
		{D393B1D3-DF34-4C88-BAE0-A5722C2BFBF5}.Release|Any CPU.ActiveCfg = Release|Any CPU
		{D393B1D3-DF34-4C88-BAE0-A5722C2BFBF5}.Release|Any CPU.Build.0 = Release|Any CPU
	EndGlobalSection
	GlobalSection(SolutionProperties) = preSolution
		HideSolutionNode = FALSE
	EndGlobalSection
	GlobalSection(ExtensibilityGlobals) = postSolution
		SolutionGuid = {7F6593C4-DEA8-4210-A270-B3F4DD75D32C}
	EndGlobalSection
EndGlobal
